
Microsoft Visual Studio Solution File, Format Version 12.00
# Visual Studio Version 17
VisualStudioVersion = 17.14.36202.13 d17.14
MinimumVisualStudioVersion = 10.0.40219.1
Project("{FAE04EC0-301F-11D3-BF4B-00C04F79EFBC}") = "StewartPlatformPi", "StewartPlatformPi.csproj", "{6BEC44D8-1653-2969-D7C3-18B8C4C1F4FF}"
EndProject
Global
	GlobalSection(SolutionConfigurationPlatforms) = preSolution
		Debug|Any CPU = Debug|Any CPU
		Release|Any CPU = Release|Any CPU
	EndGlobalSection
	GlobalSection(ProjectConfigurationPlatforms) = postSolution
		{6BEC44D8-1653-2969-D7C3-18B8C4C1F4FF}.Debug|Any CPU.ActiveCfg = Debug|Any CPU
		{6BEC44D8-1653-2969-D7C3-18B8C4C1F4FF}.Debug|Any CPU.Build.0 = Debug|Any CPU
		{6BEC44D8-1653-2969-D7C3-18B8C4C1F4FF}.Release|Any CPU.ActiveCfg = Release|Any CPU
		{6BEC44D8-1653-2969-D7C3-18B8C4C1F4FF}.Release|Any CPU.Build.0 = Release|Any CPU
	EndGlobalSection
	GlobalSection(SolutionProperties) = preSolution
		HideSolutionNode = FALSE
	EndGlobalSection
	GlobalSection(ExtensibilityGlobals) = postSolution
		SolutionGuid = {32D42ED7-029D-44A1-89B5-2F87805647DE}
	EndGlobalSection
EndGlobal
